<?xml version="1.0" encoding="utf-8"?>
<Project ToolsVersion="4.0" xmlns="http://schemas.microsoft.com/developer/msbuild/2003">
  <ItemGroup>
    <Filter Include="Core">
      <UniqueIdentifier>{aa5626a6-ed18-43b6-95b2-cf3ae6bef35c}</UniqueIdentifier>
    </Filter>
    <Filter Include="Object">
      <UniqueIdentifier>{e4d0108f-ee8c-4af6-aa9b-95170a93d71b}</UniqueIdentifier>
    </Filter>
    <Filter Include="PreCompile">
      <UniqueIdentifier>{c639fd6b-21de-432b-ac9b-ed1c747d55c0}</UniqueIdentifier>
    </Filter>
  </ItemGroup>
  <ItemGroup>
    <ClCompile Include="AActor.cpp">
      <Filter>Object</Filter>
    </ClCompile>
    <ClCompile Include="..\..\..\..\0_Reference\GM2\API\EngineCore\EngineAPICore.cpp">
      <Filter>Core</Filter>
    </ClCompile>
    <ClCompile Include="PreCompile.cpp">
      <Filter>PreCompile</Filter>
    </ClCompile>
  </ItemGroup>
  <ItemGroup>
    <ClInclude Include="AActor.h">
      <Filter>Object</Filter>
    </ClInclude>
    <ClInclude Include="..\..\..\..\0_Reference\GM2\API\EngineCore\EngineAPICore.h">
      <Filter>Core</Filter>
    </ClInclude>
    <ClInclude Include="PreCompile.h">
      <Filter>PreCompile</Filter>
    </ClInclude>
  </ItemGroup>
</Project>