<?xml version="1.0" encoding="utf-8"?>
<Project ToolsVersion="4.0" xmlns="http://schemas.microsoft.com/developer/msbuild/2003">
  <ItemGroup>
    <Filter Include="Object">
      <UniqueIdentifier>{03815b07-2c1f-4a32-9997-ac4233f691d7}</UniqueIdentifier>
    </Filter>
    <Filter Include="Level">
      <UniqueIdentifier>{d41a1a4c-fdfc-4130-a387-ec899e228d80}</UniqueIdentifier>
    </Filter>
    <Filter Include="PreCompile">
      <UniqueIdentifier>{e9deed64-d643-40b4-ab81-ef16c6694034}</UniqueIdentifier>
    </Filter>
    <Filter Include="Core">
      <UniqueIdentifier>{1a384826-512b-4f15-91e1-15e516a67bf8}</UniqueIdentifier>
    </Filter>
    <Filter Include="Render">
      <UniqueIdentifier>{fa4e8e08-860c-4179-9839-8e2fedae3412}</UniqueIdentifier>
    </Filter>
    <Filter Include="Object\Component">
      <UniqueIdentifier>{8bd09c1b-8acb-4f7d-8370-b81c3668cb5f}</UniqueIdentifier>
    </Filter>
    <Filter Include="Debug">
      <UniqueIdentifier>{99993266-8161-47d4-94bf-3585386e4511}</UniqueIdentifier>
    </Filter>
    <Filter Include="GameMode">
      <UniqueIdentifier>{af77fa47-6d09-4e09-9acb-809429b85243}</UniqueIdentifier>
    </Filter>
    <Filter Include="Util">
      <UniqueIdentifier>{642b6815-5cca-4168-bc47-40dd303f2683}</UniqueIdentifier>
    </Filter>
  </ItemGroup>
  <ItemGroup>
    <ClCompile Include="Actor.cpp">
      <Filter>Object</Filter>
    </ClCompile>
    <ClCompile Include="Level.cpp">
      <Filter>Level</Filter>
    </ClCompile>
    <ClCompile Include="PreCompile.cpp">
      <Filter>PreCompile</Filter>
    </ClCompile>
    <ClCompile Include="EngineAPICore.cpp">
      <Filter>Core</Filter>
    </ClCompile>
    <ClCompile Include="ImageManager.cpp">
      <Filter>Render</Filter>
    </ClCompile>
    <ClCompile Include="EngineSprite.cpp">
      <Filter>Render</Filter>
    </ClCompile>
    <ClCompile Include="2DCollision.cpp">
      <Filter>Object\Component</Filter>
    </ClCompile>
    <ClCompile Include="ActorComponent.cpp">
      <Filter>Object\Component</Filter>
    </ClCompile>
    <ClCompile Include="SceneComponent.cpp">
      <Filter>Object\Component</Filter>
    </ClCompile>
    <ClCompile Include="SpriteRenderer.cpp">
      <Filter>Object\Component</Filter>
    </ClCompile>
    <ClCompile Include="EngineCoreDebug.cpp">
      <Filter>Debug</Filter>
    </ClCompile>
    <ClCompile Include="GameMode.cpp">
      <Filter>GameMode</Filter>
    </ClCompile>
    <ClCompile Include="PathFindAStar.cpp">
      <Filter>Util</Filter>
    </ClCompile>
  </ItemGroup>
  <ItemGroup>
    <ClInclude Include="Actor.h">
      <Filter>Object</Filter>
    </ClInclude>
    <ClInclude Include="Level.h">
      <Filter>Level</Filter>
    </ClInclude>
    <ClInclude Include="PreCompile.h">
      <Filter>PreCompile</Filter>
    </ClInclude>
    <ClInclude Include="EngineAPICore.h">
      <Filter>Core</Filter>
    </ClInclude>
    <ClInclude Include="ImageManager.h">
      <Filter>Render</Filter>
    </ClInclude>
    <ClInclude Include="EngineSprite.h">
      <Filter>Render</Filter>
    </ClInclude>
    <ClInclude Include="2DCollision.h">
      <Filter>Object\Component</Filter>
    </ClInclude>
    <ClInclude Include="ActorComponent.h">
      <Filter>Object\Component</Filter>
    </ClInclude>
    <ClInclude Include="SceneComponent.h">
      <Filter>Object\Component</Filter>
    </ClInclude>
    <ClInclude Include="SpriteRenderer.h">
      <Filter>Object\Component</Filter>
    </ClInclude>
    <ClInclude Include="EngineCoreDebug.h">
      <Filter>Debug</Filter>
    </ClInclude>
    <ClInclude Include="GameMode.h">
      <Filter>GameMode</Filter>
    </ClInclude>
    <ClInclude Include="PathFindAStar.h">
      <Filter>Util</Filter>
    </ClInclude>
  </ItemGroup>
</Project>