<?xml version="1.0" encoding="utf-8"?>
<Project ToolsVersion="4.0" xmlns="http://schemas.microsoft.com/developer/msbuild/2003">
  <ItemGroup>
    <ClInclude Include="EngineDebug.h">
      <Filter>Debug</Filter>
    </ClInclude>
    <ClInclude Include="EngineFile.h">
      <Filter>IO</Filter>
    </ClInclude>
    <ClInclude Include="EngineMath.h">
      <Filter>Math</Filter>
    </ClInclude>
    <ClInclude Include="PreCompile.h">
      <Filter>PreCompile</Filter>
    </ClInclude>
    <ClInclude Include="EngineDelegate.h">
      <Filter>Function</Filter>
    </ClInclude>
    <ClInclude Include="EngineTimer.h">
      <Filter>Timer</Filter>
    </ClInclude>
    <ClInclude Include="EngineDirectory.h">
      <Filter>IO</Filter>
    </ClInclude>
    <ClInclude Include="EnginePath.h">
      <Filter>IO</Filter>
    </ClInclude>
    <ClInclude Include="Object.h">
      <Filter>Object</Filter>
    </ClInclude>
    <ClInclude Include="EngineString.h">
      <Filter>IO</Filter>
    </ClInclude>
    <ClInclude Include="EngineSerializer.h">
      <Filter>IO</Filter>
    </ClInclude>
    <ClInclude Include="EngineRandom.h">
      <Filter>Math</Filter>
    </ClInclude>
    <ClInclude Include="FSMStateManager.h">
      <Filter>StateMachine</Filter>
    </ClInclude>
    <ClInclude Include="TimeEvent.h">
      <Filter>Timer</Filter>
    </ClInclude>
    <ClInclude Include="EngineResources.h">
      <Filter>Resource</Filter>
    </ClInclude>
  </ItemGroup>
  <ItemGroup>
    <ClCompile Include="EngineDebug.cpp">
      <Filter>Debug</Filter>
    </ClCompile>
    <ClCompile Include="EngineFile.cpp">
      <Filter>IO</Filter>
    </ClCompile>
    <ClCompile Include="EngineMath.cpp">
      <Filter>Math</Filter>
    </ClCompile>
    <ClCompile Include="PreCompile.cpp">
      <Filter>PreCompile</Filter>
    </ClCompile>
    <ClCompile Include="EngineDelegate.cpp">
      <Filter>Function</Filter>
    </ClCompile>
    <ClCompile Include="EngineTimer.cpp">
      <Filter>Timer</Filter>
    </ClCompile>
    <ClCompile Include="EngineDirectory.cpp">
      <Filter>IO</Filter>
    </ClCompile>
    <ClCompile Include="EnginePath.cpp">
      <Filter>IO</Filter>
    </ClCompile>
    <ClCompile Include="Object.cpp">
      <Filter>Object</Filter>
    </ClCompile>
    <ClCompile Include="EngineString.cpp">
      <Filter>IO</Filter>
    </ClCompile>
    <ClCompile Include="EngineSerializer.cpp">
      <Filter>IO</Filter>
    </ClCompile>
    <ClCompile Include="EngineRandom.cpp">
      <Filter>Math</Filter>
    </ClCompile>
    <ClCompile Include="FSMStateManager.cpp">
      <Filter>StateMachine</Filter>
    </ClCompile>
    <ClCompile Include="TimeEvent.cpp">
      <Filter>Timer</Filter>
    </ClCompile>
    <ClCompile Include="EngineResources.cpp">
      <Filter>Resource</Filter>
    </ClCompile>
  </ItemGroup>
  <ItemGroup>
    <Filter Include="Debug">
      <UniqueIdentifier>{78b6108e-3fc1-4750-8641-f8bd572d937d}</UniqueIdentifier>
    </Filter>
    <Filter Include="IO">
      <UniqueIdentifier>{61834f60-1002-4071-9e28-34087dfb4d09}</UniqueIdentifier>
    </Filter>
    <Filter Include="Math">
      <UniqueIdentifier>{ea7ef493-e79b-4081-9ac6-502c8d1eb677}</UniqueIdentifier>
    </Filter>
    <Filter Include="Function">
      <UniqueIdentifier>{da2ae9dd-51b6-42cb-a0ee-369e3c114e52}</UniqueIdentifier>
    </Filter>
    <Filter Include="PreCompile">
      <UniqueIdentifier>{e430ae29-f7d9-408e-87c1-0ebddfa22661}</UniqueIdentifier>
    </Filter>
    <Filter Include="Timer">
      <UniqueIdentifier>{3e5b0909-5559-414b-a081-454a27c3035f}</UniqueIdentifier>
    </Filter>
    <Filter Include="Object">
      <UniqueIdentifier>{b02abf04-2bd4-41a6-87d2-2d3cc8a6ee33}</UniqueIdentifier>
    </Filter>
    <Filter Include="StateMachine">
      <UniqueIdentifier>{01a1d411-4525-4a85-89ec-31ca988fcbfd}</UniqueIdentifier>
    </Filter>
    <Filter Include="Resource">
      <UniqueIdentifier>{d58dbb9d-e4af-445d-83d8-ba2403c85efa}</UniqueIdentifier>
    </Filter>
  </ItemGroup>
</Project>