<?xml version="1.0" encoding="utf-8"?>
<Project ToolsVersion="4.0" xmlns="http://schemas.microsoft.com/developer/msbuild/2003">
  <ItemGroup>
    <Filter Include="Bombs">
      <UniqueIdentifier>{73339253-80ad-4bdb-ac14-d888c8d32e76}</UniqueIdentifier>
    </Filter>
    <Filter Include="Actor">
      <UniqueIdentifier>{a1ce7434-992a-4b21-993e-abecc6b00025}</UniqueIdentifier>
    </Filter>
    <Filter Include="Util">
      <UniqueIdentifier>{4950cc71-641f-4d2a-b172-058a90490426}</UniqueIdentifier>
    </Filter>
    <Filter Include="PreCompile">
      <UniqueIdentifier>{10634f9b-a25c-4c1f-b0c1-59df6f4d44e4}</UniqueIdentifier>
    </Filter>
    <Filter Include="Core">
      <UniqueIdentifier>{4862c1c2-95b2-42b9-a794-2c47f04caab1}</UniqueIdentifier>
    </Filter>
    <Filter Include="GameMode">
      <UniqueIdentifier>{64e1df81-1609-4a3b-a62a-5039906d2f2e}</UniqueIdentifier>
    </Filter>
  </ItemGroup>
  <ItemGroup>
    <ClInclude Include="BombRemote.h">
      <Filter>Bombs</Filter>
    </ClInclude>
    <ClInclude Include="Bomb.h">
      <Filter>Bombs</Filter>
    </ClInclude>
    <ClInclude Include="BombPlain.h">
      <Filter>Bombs</Filter>
    </ClInclude>
    <ClInclude Include="BombRed.h">
      <Filter>Bombs</Filter>
    </ClInclude>
    <ClInclude Include="Player.h">
      <Filter>Actor</Filter>
    </ClInclude>
    <ClInclude Include="Timer.h">
      <Filter>Util</Filter>
    </ClInclude>
    <ClInclude Include="PreCompile.h">
      <Filter>PreCompile</Filter>
    </ClInclude>
    <ClInclude Include="ContentsCore.h">
      <Filter>Core</Filter>
    </ClInclude>
    <ClInclude Include="PlayGameMode.h">
      <Filter>GameMode</Filter>
    </ClInclude>
    <ClInclude Include="Enemy.h">
      <Filter>Actor</Filter>
    </ClInclude>
  </ItemGroup>
  <ItemGroup>
    <ClCompile Include="Bomb.cpp">
      <Filter>Bombs</Filter>
    </ClCompile>
    <ClCompile Include="BombPlain.cpp">
      <Filter>Bombs</Filter>
    </ClCompile>
    <ClCompile Include="BombRed.cpp">
      <Filter>Bombs</Filter>
    </ClCompile>
    <ClCompile Include="BombRemote.cpp">
      <Filter>Bombs</Filter>
    </ClCompile>
    <ClCompile Include="Player.cpp">
      <Filter>Actor</Filter>
    </ClCompile>
    <ClCompile Include="PreCompile.cpp">
      <Filter>PreCompile</Filter>
    </ClCompile>
    <ClCompile Include="ContentsCore.cpp">
      <Filter>Core</Filter>
    </ClCompile>
    <ClCompile Include="PlayGameMode.cpp">
      <Filter>GameMode</Filter>
    </ClCompile>
    <ClCompile Include="Enemy.cpp">
      <Filter>Actor</Filter>
    </ClCompile>
  </ItemGroup>
</Project>