<?xml version="1.0" encoding="utf-8"?>
<Project ToolsVersion="4.0" xmlns="http://schemas.microsoft.com/developer/msbuild/2003">
  <ItemGroup>
    <Filter Include="Actor">
      <UniqueIdentifier>{a1ce7434-992a-4b21-993e-abecc6b00025}</UniqueIdentifier>
    </Filter>
    <Filter Include="Util">
      <UniqueIdentifier>{4950cc71-641f-4d2a-b172-058a90490426}</UniqueIdentifier>
    </Filter>
    <Filter Include="PreCompile">
      <UniqueIdentifier>{10634f9b-a25c-4c1f-b0c1-59df6f4d44e4}</UniqueIdentifier>
    </Filter>
    <Filter Include="Core">
      <UniqueIdentifier>{4862c1c2-95b2-42b9-a794-2c47f04caab1}</UniqueIdentifier>
    </Filter>
    <Filter Include="GameMode">
      <UniqueIdentifier>{64e1df81-1609-4a3b-a62a-5039906d2f2e}</UniqueIdentifier>
    </Filter>
    <Filter Include="Map">
      <UniqueIdentifier>{4a1ddc86-217d-4734-9565-42d9536d9925}</UniqueIdentifier>
    </Filter>
    <Filter Include="Actor\NotGame">
      <UniqueIdentifier>{a9b5dbbc-ae7e-4502-a88d-15cd70f5f4fe}</UniqueIdentifier>
    </Filter>
    <Filter Include="Actor\UI">
      <UniqueIdentifier>{990708c2-e3d5-489c-8c7f-725d55926e6e}</UniqueIdentifier>
    </Filter>
    <Filter Include="Actor\Monsters">
      <UniqueIdentifier>{e42adb92-6426-4e22-a7a5-ab9e9db61aa3}</UniqueIdentifier>
    </Filter>
  </ItemGroup>
  <ItemGroup>
    <ClInclude Include="Player.h">
      <Filter>Actor</Filter>
    </ClInclude>
    <ClInclude Include="Timer.h">
      <Filter>Util</Filter>
    </ClInclude>
    <ClInclude Include="PreCompile.h">
      <Filter>PreCompile</Filter>
    </ClInclude>
    <ClInclude Include="ContentsCore.h">
      <Filter>Core</Filter>
    </ClInclude>
    <ClInclude Include="PlayGameMode.h">
      <Filter>GameMode</Filter>
    </ClInclude>
    <ClInclude Include="PlayMap.h">
      <Filter>Map</Filter>
    </ClInclude>
    <ClInclude Include="GlobalVar.h">
      <Filter>Util</Filter>
    </ClInclude>
    <ClInclude Include="TitleGameMode.h">
      <Filter>GameMode</Filter>
    </ClInclude>
    <ClInclude Include="ContentsEnum.h">
      <Filter>Util</Filter>
    </ClInclude>
    <ClInclude Include="Bomb.h">
      <Filter>Actor</Filter>
    </ClInclude>
    <ClInclude Include="TileMap.h">
      <Filter>Actor</Filter>
    </ClInclude>
    <ClInclude Include="TileMapGameMode.h">
      <Filter>GameMode</Filter>
    </ClInclude>
    <ClInclude Include="ContentsStruct.h">
      <Filter>Util</Filter>
    </ClInclude>
    <ClInclude Include="DebugLog.h">
      <Filter>Util</Filter>
    </ClInclude>
    <ClInclude Include="Title.h">
      <Filter>Actor\NotGame</Filter>
    </ClInclude>
    <ClInclude Include="Ending.h">
      <Filter>Actor\NotGame</Filter>
    </ClInclude>
    <ClInclude Include="Fade.h">
      <Filter>Actor\NotGame</Filter>
    </ClInclude>
    <ClInclude Include="PlayBossMode.h">
      <Filter>GameMode</Filter>
    </ClInclude>
    <ClInclude Include="BossMap.h">
      <Filter>Map</Filter>
    </ClInclude>
    <ClInclude Include="BaseMap.h">
      <Filter>Map</Filter>
    </ClInclude>
    <ClInclude Include="UtilFn.h">
      <Filter>Util</Filter>
    </ClInclude>
    <ClInclude Include="GameUI.h">
      <Filter>Actor\UI</Filter>
    </ClInclude>
    <ClInclude Include="GameOver.h">
      <Filter>Actor\UI</Filter>
    </ClInclude>
    <ClInclude Include="Result.h">
      <Filter>Actor\UI</Filter>
    </ClInclude>
    <ClInclude Include="EndingGameMode.h">
      <Filter>GameMode</Filter>
    </ClInclude>
    <ClInclude Include="Balloon.h">
      <Filter>Actor\Monsters</Filter>
    </ClInclude>
    <ClInclude Include="HoopGhost.h">
      <Filter>Actor\Monsters</Filter>
    </ClInclude>
    <ClInclude Include="Monster.h">
      <Filter>Actor\Monsters</Filter>
    </ClInclude>
    <ClInclude Include="Mushroom.h">
      <Filter>Actor\Monsters</Filter>
    </ClInclude>
    <ClInclude Include="GameData.h">
      <Filter>Util</Filter>
    </ClInclude>
    <ClInclude Include="HurryUp.h">
      <Filter>Actor\UI</Filter>
    </ClInclude>
    <ClInclude Include="BattleSelectMode.h">
      <Filter>GameMode</Filter>
    </ClInclude>
    <ClInclude Include="BattleSelect.h">
      <Filter>Actor\NotGame</Filter>
    </ClInclude>
    <ClInclude Include="BattlePlayMode.h">
      <Filter>GameMode</Filter>
    </ClInclude>
    <ClInclude Include="BattlePlay.h">
      <Filter>Actor\NotGame</Filter>
    </ClInclude>
  </ItemGroup>
  <ItemGroup>
    <ClCompile Include="Player.cpp">
      <Filter>Actor</Filter>
    </ClCompile>
    <ClCompile Include="PreCompile.cpp">
      <Filter>PreCompile</Filter>
    </ClCompile>
    <ClCompile Include="ContentsCore.cpp">
      <Filter>Core</Filter>
    </ClCompile>
    <ClCompile Include="PlayGameMode.cpp">
      <Filter>GameMode</Filter>
    </ClCompile>
    <ClCompile Include="PlayMap.cpp">
      <Filter>Map</Filter>
    </ClCompile>
    <ClCompile Include="GlobalVar.cpp">
      <Filter>Util</Filter>
    </ClCompile>
    <ClCompile Include="TitleGameMode.cpp">
      <Filter>GameMode</Filter>
    </ClCompile>
    <ClCompile Include="Bomb.cpp">
      <Filter>Actor</Filter>
    </ClCompile>
    <ClCompile Include="TileMap.cpp">
      <Filter>Actor</Filter>
    </ClCompile>
    <ClCompile Include="TileMapGameMode.cpp">
      <Filter>GameMode</Filter>
    </ClCompile>
    <ClCompile Include="Title.cpp">
      <Filter>Actor\NotGame</Filter>
    </ClCompile>
    <ClCompile Include="Ending.cpp">
      <Filter>Actor\NotGame</Filter>
    </ClCompile>
    <ClCompile Include="Fade.cpp">
      <Filter>Actor\NotGame</Filter>
    </ClCompile>
    <ClCompile Include="PlayBossMode.cpp">
      <Filter>GameMode</Filter>
    </ClCompile>
    <ClCompile Include="BossMap.cpp">
      <Filter>Map</Filter>
    </ClCompile>
    <ClCompile Include="BaseMap.cpp">
      <Filter>Map</Filter>
    </ClCompile>
    <ClCompile Include="UtilFn.cpp">
      <Filter>Util</Filter>
    </ClCompile>
    <ClCompile Include="GameUI.cpp">
      <Filter>Actor\UI</Filter>
    </ClCompile>
    <ClCompile Include="GameOver.cpp">
      <Filter>Actor\UI</Filter>
    </ClCompile>
    <ClCompile Include="Result.cpp">
      <Filter>Actor\UI</Filter>
    </ClCompile>
    <ClCompile Include="EndingGameMode.cpp">
      <Filter>GameMode</Filter>
    </ClCompile>
    <ClCompile Include="Balloon.cpp">
      <Filter>Actor\Monsters</Filter>
    </ClCompile>
    <ClCompile Include="HoopGhost.cpp">
      <Filter>Actor\Monsters</Filter>
    </ClCompile>
    <ClCompile Include="Monster.cpp">
      <Filter>Actor\Monsters</Filter>
    </ClCompile>
    <ClCompile Include="Mushroom.cpp">
      <Filter>Actor\Monsters</Filter>
    </ClCompile>
    <ClCompile Include="HurryUp.cpp">
      <Filter>Actor\UI</Filter>
    </ClCompile>
    <ClCompile Include="BattleSelectMode.cpp">
      <Filter>GameMode</Filter>
    </ClCompile>
    <ClCompile Include="BattleSelect.cpp">
      <Filter>Actor\NotGame</Filter>
    </ClCompile>
    <ClCompile Include="BattlePlayMode.cpp">
      <Filter>GameMode</Filter>
    </ClCompile>
    <ClCompile Include="BattlePlay.cpp">
      <Filter>Actor\NotGame</Filter>
    </ClCompile>
  </ItemGroup>
</Project>