<?xml version="1.0" encoding="utf-8"?>
<Project ToolsVersion="4.0" xmlns="http://schemas.microsoft.com/developer/msbuild/2003">
  <ItemGroup>
    <Filter Include="Window">
      <UniqueIdentifier>{4597d427-a92d-4974-b23f-f3a212493118}</UniqueIdentifier>
    </Filter>
    <Filter Include="PreCompile">
      <UniqueIdentifier>{ba9bd069-2d2d-4132-9abb-29af8bd82d56}</UniqueIdentifier>
    </Filter>
    <Filter Include="Input">
      <UniqueIdentifier>{4ba1104f-b5ef-4051-ae2b-678a1e6ce4dd}</UniqueIdentifier>
    </Filter>
    <Filter Include="Debug">
      <UniqueIdentifier>{1b11d295-0063-4ee5-97f9-5ea72c75a838}</UniqueIdentifier>
    </Filter>
    <Filter Include="ThirdParty">
      <UniqueIdentifier>{e33cca90-1adf-42d6-b255-6aa9601cd69c}</UniqueIdentifier>
    </Filter>
    <Filter Include="ThirdParty\FMOD">
      <UniqueIdentifier>{a6aa445d-78d4-48fb-bd03-f233d9ef52a1}</UniqueIdentifier>
    </Filter>
    <Filter Include="ThirdParty\FMOD\include">
      <UniqueIdentifier>{97789008-3da8-40a3-b64e-645ab9be336f}</UniqueIdentifier>
    </Filter>
    <Filter Include="ThirdParty\FMOD\lib">
      <UniqueIdentifier>{dda5ceef-dc39-470a-8c6a-bed41cbbfc20}</UniqueIdentifier>
    </Filter>
    <Filter Include="Resource">
      <UniqueIdentifier>{f216bacd-d502-4b46-b66d-37f72a912903}</UniqueIdentifier>
    </Filter>
  </ItemGroup>
  <ItemGroup>
    <ClCompile Include="EngineWindow.cpp">
      <Filter>Window</Filter>
    </ClCompile>
    <ClCompile Include="PreCompile.cpp">
      <Filter>PreCompile</Filter>
    </ClCompile>
    <ClCompile Include="EngineInput.cpp">
      <Filter>Input</Filter>
    </ClCompile>
    <ClCompile Include="EngineWinDebug.cpp">
      <Filter>Debug</Filter>
    </ClCompile>
    <ClCompile Include="EngineSound.cpp">
      <Filter>Resource</Filter>
    </ClCompile>
    <ClCompile Include="EngineWinImage.cpp">
      <Filter>Resource</Filter>
    </ClCompile>
  </ItemGroup>
  <ItemGroup>
    <ClInclude Include="EngineWindow.h">
      <Filter>Window</Filter>
    </ClInclude>
    <ClInclude Include="PreCompile.h">
      <Filter>PreCompile</Filter>
    </ClInclude>
    <ClInclude Include="EngineInput.h">
      <Filter>Input</Filter>
    </ClInclude>
    <ClInclude Include="EngineWinDebug.h">
      <Filter>Debug</Filter>
    </ClInclude>
    <ClInclude Include="..\ThirdParty\FMOD\inc\fmod.h">
      <Filter>ThirdParty\FMOD\include</Filter>
    </ClInclude>
    <ClInclude Include="..\ThirdParty\FMOD\inc\fmod.hpp">
      <Filter>ThirdParty\FMOD\include</Filter>
    </ClInclude>
    <ClInclude Include="..\ThirdParty\FMOD\inc\fmod_codec.h">
      <Filter>ThirdParty\FMOD\include</Filter>
    </ClInclude>
    <ClInclude Include="..\ThirdParty\FMOD\inc\fmod_common.h">
      <Filter>ThirdParty\FMOD\include</Filter>
    </ClInclude>
    <ClInclude Include="..\ThirdParty\FMOD\inc\fmod_dsp.h">
      <Filter>ThirdParty\FMOD\include</Filter>
    </ClInclude>
    <ClInclude Include="..\ThirdParty\FMOD\inc\fmod_dsp_effects.h">
      <Filter>ThirdParty\FMOD\include</Filter>
    </ClInclude>
    <ClInclude Include="..\ThirdParty\FMOD\inc\fmod_errors.h">
      <Filter>ThirdParty\FMOD\include</Filter>
    </ClInclude>
    <ClInclude Include="..\ThirdParty\FMOD\inc\fmod_output.h">
      <Filter>ThirdParty\FMOD\include</Filter>
    </ClInclude>
    <ClInclude Include="EngineSound.h">
      <Filter>Resource</Filter>
    </ClInclude>
    <ClInclude Include="EngineWinImage.h">
      <Filter>Resource</Filter>
    </ClInclude>
  </ItemGroup>
  <ItemGroup>
    <CopyFileToFolders Include="..\ThirdParty\FMOD\lib\x64\fmodL_vc.lib">
      <Filter>ThirdParty\FMOD\lib</Filter>
    </CopyFileToFolders>
    <CopyFileToFolders Include="..\ThirdParty\FMOD\lib\x64\fmod.dll">
      <Filter>ThirdParty\FMOD\lib</Filter>
    </CopyFileToFolders>
    <CopyFileToFolders Include="..\ThirdParty\FMOD\lib\x64\fmod_vc.lib">
      <Filter>ThirdParty\FMOD\lib</Filter>
    </CopyFileToFolders>
    <CopyFileToFolders Include="..\ThirdParty\FMOD\lib\x64\fmodL.dll">
      <Filter>ThirdParty\FMOD\lib</Filter>
    </CopyFileToFolders>
  </ItemGroup>
</Project>